
Microsoft Visual Studio Solution File, Format Version 12.00
# Visual Studio Version 17
VisualStudioVersion = 17.8.34309.116
MinimumVisualStudioVersion = 10.0.40219.1
Project("{FAE04EC0-301F-11D3-BF4B-00C04F79EFBC}") = "IssueAppAPI", "IssueAppAPI.csproj", "{60690438-128D-4046-A3BE-21DBE4E204DA}"
EndProject
Global
	GlobalSection(SolutionConfigurationPlatforms) = preSolution
		Debug|Any CPU = Debug|Any CPU
		Release|Any CPU = Release|Any CPU
	EndGlobalSection
	GlobalSection(ProjectConfigurationPlatforms) = postSolution
		{60690438-128D-4046-A3BE-21DBE4E204DA}.Debug|Any CPU.ActiveCfg = Debug|Any CPU
		{60690438-128D-4046-A3BE-21DBE4E204DA}.Debug|Any CPU.Build.0 = Debug|Any CPU
		{60690438-128D-4046-A3BE-21DBE4E204DA}.Release|Any CPU.ActiveCfg = Release|Any CPU
		{60690438-128D-4046-A3BE-21DBE4E204DA}.Release|Any CPU.Build.0 = Release|Any CPU
	EndGlobalSection
	GlobalSection(SolutionProperties) = preSolution
		HideSolutionNode = FALSE
	EndGlobalSection
	GlobalSection(ExtensibilityGlobals) = postSolution
		SolutionGuid = {EA0E03A1-0432-499B-8A84-FA8FB7438DB0}
	EndGlobalSection
EndGlobal
